// !$*UTF8*$!
{
	archiveVersion = 1;
	classes = {
	};
	objectVersion = 50;
	objects = {

/* Begin PBXBuildFile section */
		DC873EF227B9F8CA001AC305 /* AppDelegate.swift in Sources */ = {isa = PBXBuildFile; fileRef = DC873EF127B9F8CA001AC305 /* AppDelegate.swift */; };
		DC873EF427B9F8CA001AC305 /* SceneDelegate.swift in Sources */ = {isa = PBXBuildFile; fileRef = DC873EF327B9F8CA001AC305 /* SceneDelegate.swift */; };
		DC873EF627B9F8CA001AC305 /* ViewController.swift in Sources */ = {isa = PBXBuildFile; fileRef = DC873EF527B9F8CA001AC305 /* ViewController.swift */; };
		DC873EF927B9F8CA001AC305 /* Main.storyboard in Resources */ = {isa = PBXBuildFile; fileRef = DC873EF727B9F8CA001AC305 /* Main.storyboard */; };
		DC873EFC27B9F8CA001AC305 /* Beginner.xcdatamodeld in Sources */ = {isa = PBXBuildFile; fileRef = DC873EFA27B9F8CA001AC305 /* Beginner.xcdatamodeld */; };
		DC873EFE27B9F8CE001AC305 /* Assets.xcassets in Resources */ = {isa = PBXBuildFile; fileRef = DC873EFD27B9F8CE001AC305 /* Assets.xcassets */; };
		DC873F0127B9F8CE001AC305 /* LaunchScreen.storyboard in Resources */ = {isa = PBXBuildFile; fileRef = DC873EFF27B9F8CE001AC305 /* LaunchScreen.storyboard */; };
		DC873F0C27B9F8CE001AC305 /* BeginnerTests.swift in Sources */ = {isa = PBXBuildFile; fileRef = DC873F0B27B9F8CE001AC305 /* BeginnerTests.swift */; };
		DC873F1727B9F8CE001AC305 /* BeginnerUITests.swift in Sources */ = {isa = PBXBuildFile; fileRef = DC873F1627B9F8CE001AC305 /* BeginnerUITests.swift */; };
/* End PBXBuildFile section */

/* Begin PBXContainerItemProxy section */
		DC873F0827B9F8CE001AC305 /* PBXContainerItemProxy */ = {
			isa = PBXContainerItemProxy;
			containerPortal = DC873EE627B9F8CA001AC305 /* Project object */;
			proxyType = 1;
			remoteGlobalIDString = DC873EED27B9F8CA001AC305;
			remoteInfo = Beginner;
		};
		DC873F1327B9F8CE001AC305 /* PBXContainerItemProxy */ = {
			isa = PBXContainerItemProxy;
			containerPortal = DC873EE627B9F8CA001AC305 /* Project object */;
			proxyType = 1;
			remoteGlobalIDString = DC873EED27B9F8CA001AC305;
			remoteInfo = Beginner;
		};
/* End PBXContainerItemProxy section */

/* Begin PBXFileReference section */
		DC873EEE27B9F8CA001AC305 /* Beginner.app */ = {isa = PBXFileReference; explicitFileType = wrapper.application; includeInIndex = 0; path = Beginner.app; sourceTree = BUILT_PRODUCTS_DIR; };
		DC873EF127B9F8CA001AC305 /* AppDelegate.swift */ = {isa = PBXFileReference; lastKnownFileType = sourcecode.swift; path = AppDelegate.swift; sourceTree = "<group>"; };
		DC873EF327B9F8CA001AC305 /* SceneDelegate.swift */ = {isa = PBXFileReference; lastKnownFileType = sourcecode.swift; path = SceneDelegate.swift; sourceTree = "<group>"; };
		DC873EF527B9F8CA001AC305 /* ViewController.swift */ = {isa = PBXFileReference; lastKnownFileType = sourcecode.swift; path = ViewController.swift; sourceTree = "<group>"; };
		DC873EF827B9F8CA001AC305 /* Base */ = {isa = PBXFileReference; lastKnownFileType = file.storyboard; name = Base; path = Base.lproj/Main.storyboard; sourceTree = "<group>"; };
		DC873EFB27B9F8CA001AC305 /* Beginner.xcdatamodel */ = {isa = PBXFileReference; lastKnownFileType = wrapper.xcdatamodel; path = Beginner.xcdatamodel; sourceTree = "<group>"; };
		DC873EFD27B9F8CE001AC305 /* Assets.xcassets */ = {isa = PBXFileReference; lastKnownFileType = folder.assetcatalog; path = Assets.xcassets; sourceTree = "<group>"; };
		DC873F0027B9F8CE001AC305 /* Base */ = {isa = PBXFileReference; lastKnownFileType = file.storyboard; name = Base; path = Base.lproj/LaunchScreen.storyboard; sourceTree = "<group>"; };
		DC873F0227B9F8CE001AC305 /* Info.plist */ = {isa = PBXFileReference; lastKnownFileType = text.plist.xml; path = Info.plist; sourceTree = "<group>"; };
		DC873F0727B9F8CE001AC305 /* BeginnerTests.xctest */ = {isa = PBXFileReference; explicitFileType = wrapper.cfbundle; includeInIndex = 0; path = BeginnerTests.xctest; sourceTree = BUILT_PRODUCTS_DIR; };
		DC873F0B27B9F8CE001AC305 /* BeginnerTests.swift */ = {isa = PBXFileReference; lastKnownFileType = sourcecode.swift; path = BeginnerTests.swift; sourceTree = "<group>"; };
		DC873F0D27B9F8CE001AC305 /* Info.plist */ = {isa = PBXFileReference; lastKnownFileType = text.plist.xml; path = Info.plist; sourceTree = "<group>"; };
		DC873F1227B9F8CE001AC305 /* BeginnerUITests.xctest */ = {isa = PBXFileReference; explicitFileType = wrapper.cfbundle; includeInIndex = 0; path = BeginnerUITests.xctest; sourceTree = BUILT_PRODUCTS_DIR; };
		DC873F1627B9F8CE001AC305 /* BeginnerUITests.swift */ = {isa = PBXFileReference; lastKnownFileType = sourcecode.swift; path = BeginnerUITests.swift; sourceTree = "<group>"; };
		DC873F1827B9F8CE001AC305 /* Info.plist */ = {isa = PBXFileReference; lastKnownFileType = text.plist.xml; path = Info.plist; sourceTree = "<group>"; };
/* End PBXFileReference section */

/* Begin PBXFrameworksBuildPhase section */
		DC873EEB27B9F8CA001AC305 /* Frameworks */ = {
			isa = PBXFrameworksBuildPhase;
			buildActionMask = 2147483647;
			files = (
			);
			runOnlyForDeploymentPostprocessing = 0;
		};
		DC873F0427B9F8CE001AC305 /* Frameworks */ = {
			isa = PBXFrameworksBuildPhase;
			buildActionMask = 2147483647;
			files = (
			);
			runOnlyForDeploymentPostprocessing = 0;
		};
		DC873F0F27B9F8CE001AC305 /* Frameworks */ = {
			isa = PBXFrameworksBuildPhase;
			buildActionMask = 2147483647;
			files = (
			);
			runOnlyForDeploymentPostprocessing = 0;
		};
/* End PBXFrameworksBuildPhase section */

/* Begin PBXGroup section */
		DC873EE527B9F8CA001AC305 = {
			isa = PBXGroup;
			children = (
				DC873EF027B9F8CA001AC305 /* Beginner */,
				DC873F0A27B9F8CE001AC305 /* BeginnerTests */,
				DC873F1527B9F8CE001AC305 /* BeginnerUITests */,
				DC873EEF27B9F8CA001AC305 /* Products */,
			);
			sourceTree = "<group>";
		};
		DC873EEF27B9F8CA001AC305 /* Products */ = {
			isa = PBXGroup;
			children = (
				DC873EEE27B9F8CA001AC305 /* Beginner.app */,
				DC873F0727B9F8CE001AC305 /* BeginnerTests.xctest */,
				DC873F1227B9F8CE001AC305 /* BeginnerUITests.xctest */,
			);
			name = Products;
			sourceTree = "<group>";
		};
		DC873EF027B9F8CA001AC305 /* Beginner */ = {
			isa = PBXGroup;
			children = (
				DC873EF127B9F8CA001AC305 /* AppDelegate.swift */,
				DC873EF327B9F8CA001AC305 /* SceneDelegate.swift */,
				DC873EF527B9F8CA001AC305 /* ViewController.swift */,
				DC873EF727B9F8CA001AC305 /* Main.storyboard */,
				DC873EFD27B9F8CE001AC305 /* Assets.xcassets */,
				DC873EFF27B9F8CE001AC305 /* LaunchScreen.storyboard */,
				DC873F0227B9F8CE001AC305 /* Info.plist */,
				DC873EFA27B9F8CA001AC305 /* Beginner.xcdatamodeld */,
			);
			path = Beginner;
			sourceTree = "<group>";
		};
		DC873F0A27B9F8CE001AC305 /* BeginnerTests */ = {
			isa = PBXGroup;
			children = (
				DC873F0B27B9F8CE001AC305 /* BeginnerTests.swift */,
				DC873F0D27B9F8CE001AC305 /* Info.plist */,
			);
			path = BeginnerTests;
			sourceTree = "<group>";
		};
		DC873F1527B9F8CE001AC305 /* BeginnerUITests */ = {
			isa = PBXGroup;
			children = (
				DC873F1627B9F8CE001AC305 /* BeginnerUITests.swift */,
				DC873F1827B9F8CE001AC305 /* Info.plist */,
			);
			path = BeginnerUITests;
			sourceTree = "<group>";
		};
/* End PBXGroup section */

/* Begin PBXNativeTarget section */
		DC873EED27B9F8CA001AC305 /* Beginner */ = {
			isa = PBXNativeTarget;
			buildConfigurationList = DC873F1B27B9F8CF001AC305 /* Build configuration list for PBXNativeTarget "Beginner" */;
			buildPhases = (
				DC873EEA27B9F8CA001AC305 /* Sources */,
				DC873EEB27B9F8CA001AC305 /* Frameworks */,
				DC873EEC27B9F8CA001AC305 /* Resources */,
			);
			buildRules = (
			);
			dependencies = (
			);
			name = Beginner;
			productName = Beginner;
			productReference = DC873EEE27B9F8CA001AC305 /* Beginner.app */;
			productType = "com.apple.product-type.application";
		};
		DC873F0627B9F8CE001AC305 /* BeginnerTests */ = {
			isa = PBXNativeTarget;
			buildConfigurationList = DC873F1E27B9F8CF001AC305 /* Build configuration list for PBXNativeTarget "BeginnerTests" */;
			buildPhases = (
				DC873F0327B9F8CE001AC305 /* Sources */,
				DC873F0427B9F8CE001AC305 /* Frameworks */,
				DC873F0527B9F8CE001AC305 /* Resources */,
			);
			buildRules = (
			);
			dependencies = (
				DC873F0927B9F8CE001AC305 /* PBXTargetDependency */,
			);
			name = BeginnerTests;
			productName = BeginnerTests;
			productReference = DC873F0727B9F8CE001AC305 /* BeginnerTests.xctest */;
			productType = "com.apple.product-type.bundle.unit-test";
		};
		DC873F1127B9F8CE001AC305 /* BeginnerUITests */ = {
			isa = PBXNativeTarget;
			buildConfigurationList = DC873F2127B9F8CF001AC305 /* Build configuration list for PBXNativeTarget "BeginnerUITests" */;
			buildPhases = (
				DC873F0E27B9F8CE001AC305 /* Sources */,
				DC873F0F27B9F8CE001AC305 /* Frameworks */,
				DC873F1027B9F8CE001AC305 /* Resources */,
			);
			buildRules = (
			);
			dependencies = (
				DC873F1427B9F8CE001AC305 /* PBXTargetDependency */,
			);
			name = BeginnerUITests;
			productName = BeginnerUITests;
			productReference = DC873F1227B9F8CE001AC305 /* BeginnerUITests.xctest */;
			productType = "com.apple.product-type.bundle.ui-testing";
		};
/* End PBXNativeTarget section */

/* Begin PBXProject section */
		DC873EE627B9F8CA001AC305 /* Project object */ = {
			isa = PBXProject;
			attributes = {
				LastSwiftUpdateCheck = 1240;
				LastUpgradeCheck = 1240;
				TargetAttributes = {
					DC873EED27B9F8CA001AC305 = {
						CreatedOnToolsVersion = 12.4;
					};
					DC873F0627B9F8CE001AC305 = {
						CreatedOnToolsVersion = 12.4;
						TestTargetID = DC873EED27B9F8CA001AC305;
					};
					DC873F1127B9F8CE001AC305 = {
						CreatedOnToolsVersion = 12.4;
						TestTargetID = DC873EED27B9F8CA001AC305;
					};
				};
			};
			buildConfigurationList = DC873EE927B9F8CA001AC305 /* Build configuration list for PBXProject "Beginner" */;
			compatibilityVersion = "Xcode 9.3";
			developmentRegion = en;
			hasScannedForEncodings = 0;
			knownRegions = (
				en,
				Base,
			);
			mainGroup = DC873EE527B9F8CA001AC305;
			productRefGroup = DC873EEF27B9F8CA001AC305 /* Products */;
			projectDirPath = "";
			projectRoot = "";
			targets = (
				DC873EED27B9F8CA001AC305 /* Beginner */,
				DC873F0627B9F8CE001AC305 /* BeginnerTests */,
				DC873F1127B9F8CE001AC305 /* BeginnerUITests */,
			);
		};
/* End PBXProject section */

/* Begin PBXResourcesBuildPhase section */
		DC873EEC27B9F8CA001AC305 /* Resources */ = {
			isa = PBXResourcesBuildPhase;
			buildActionMask = 2147483647;
			files = (
				DC873F0127B9F8CE001AC305 /* LaunchScreen.storyboard in Resources */,
				DC873EFE27B9F8CE001AC305 /* Assets.xcassets in Resources */,
				DC873EF927B9F8CA001AC305 /* Main.storyboard in Resources */,
			);
			runOnlyForDeploymentPostprocessing = 0;
		};
		DC873F0527B9F8CE001AC305 /* Resources */ = {
			isa = PBXResourcesBuildPhase;
			buildActionMask = 2147483647;
			files = (
			);
			runOnlyForDeploymentPostprocessing = 0;
		};
		DC873F1027B9F8CE001AC305 /* Resources */ = {
			isa = PBXResourcesBuildPhase;
			buildActionMask = 2147483647;
			files = (
			);
			runOnlyForDeploymentPostprocessing = 0;
		};
/* End PBXResourcesBuildPhase section */

/* Begin PBXSourcesBuildPhase section */
		DC873EEA27B9F8CA001AC305 /* Sources */ = {
			isa = PBXSourcesBuildPhase;
			buildActionMask = 2147483647;
			files = (
				DC873EF627B9F8CA001AC305 /* ViewController.swift in Sources */,
				DC873EF227B9F8CA001AC305 /* AppDelegate.swift in Sources */,
				DC873EF427B9F8CA001AC305 /* SceneDelegate.swift in Sources */,
				DC873EFC27B9F8CA001AC305 /* Beginner.xcdatamodeld in Sources */,
			);
			runOnlyForDeploymentPostprocessing = 0;
		};
		DC873F0327B9F8CE001AC305 /* Sources */ = {
			isa = PBXSourcesBuildPhase;
			buildActionMask = 2147483647;
			files = (
				DC873F0C27B9F8CE001AC305 /* BeginnerTests.swift in Sources */,
			);
			runOnlyForDeploymentPostprocessing = 0;
		};
		DC873F0E27B9F8CE001AC305 /* Sources */ = {
			isa = PBXSourcesBuildPhase;
			buildActionMask = 2147483647;
			files = (
				DC873F1727B9F8CE001AC305 /* BeginnerUITests.swift in Sources */,
			);
			runOnlyForDeploymentPostprocessing = 0;
		};
/* End PBXSourcesBuildPhase section */

/* Begin PBXTargetDependency section */
		DC873F0927B9F8CE001AC305 /* PBXTargetDependency */ = {
			isa = PBXTargetDependency;
			target = DC873EED27B9F8CA001AC305 /* Beginner */;
			targetProxy = DC873F0827B9F8CE001AC305 /* PBXContainerItemProxy */;
		};
		DC873F1427B9F8CE001AC305 /* PBXTargetDependency */ = {
			isa = PBXTargetDependency;
			target = DC873EED27B9F8CA001AC305 /* Beginner */;
			targetProxy = DC873F1327B9F8CE001AC305 /* PBXContainerItemProxy */;
		};
/* End PBXTargetDependency section */

/* Begin PBXVariantGroup section */
		DC873EF727B9F8CA001AC305 /* Main.storyboard */ = {
			isa = PBXVariantGroup;
			children = (
				DC873EF827B9F8CA001AC305 /* Base */,
			);
			name = Main.storyboard;
			sourceTree = "<group>";
		};
		DC873EFF27B9F8CE001AC305 /* LaunchScreen.storyboard */ = {
			isa = PBXVariantGroup;
			children = (
				DC873F0027B9F8CE001AC305 /* Base */,
			);
			name = LaunchScreen.storyboard;
			sourceTree = "<group>";
		};
/* End PBXVariantGroup section */

/* Begin XCBuildConfiguration section */
		DC873F1927B9F8CF001AC305 /* Debug */ = {
			isa = XCBuildConfiguration;
			buildSettings = {
				ALWAYS_SEARCH_USER_PATHS = NO;
				CLANG_ANALYZER_NONNULL = YES;
				CLANG_ANALYZER_NUMBER_OBJECT_CONVERSION = YES_AGGRESSIVE;
				CLANG_CXX_LANGUAGE_STANDARD = "gnu++14";
				CLANG_CXX_LIBRARY = "libc++";
				CLANG_ENABLE_MODULES = YES;
				CLANG_ENABLE_OBJC_ARC = YES;
				CLANG_ENABLE_OBJC_WEAK = YES;
				CLANG_WARN_BLOCK_CAPTURE_AUTORELEASING = YES;
				CLANG_WARN_BOOL_CONVERSION = YES;
				CLANG_WARN_COMMA = YES;
				CLANG_WARN_CONSTANT_CONVERSION = YES;
				CLANG_WARN_DEPRECATED_OBJC_IMPLEMENTATIONS = YES;
				CLANG_WARN_DIRECT_OBJC_ISA_USAGE = YES_ERROR;
				CLANG_WARN_DOCUMENTATION_COMMENTS = YES;
				CLANG_WARN_EMPTY_BODY = YES;
				CLANG_WARN_ENUM_CONVERSION = YES;
				CLANG_WARN_INFINITE_RECURSION = YES;
				CLANG_WARN_INT_CONVERSION = YES;
				CLANG_WARN_NON_LITERAL_NULL_CONVERSION = YES;
				CLANG_WARN_OBJC_IMPLICIT_RETAIN_SELF = YES;
				CLANG_WARN_OBJC_LITERAL_CONVERSION = YES;
				CLANG_WARN_OBJC_ROOT_CLASS = YES_ERROR;
				CLANG_WARN_QUOTED_INCLUDE_IN_FRAMEWORK_HEADER = YES;
				CLANG_WARN_RANGE_LOOP_ANALYSIS = YES;
				CLANG_WARN_STRICT_PROTOTYPES = YES;
				CLANG_WARN_SUSPICIOUS_MOVE = YES;
				CLANG_WARN_UNGUARDED_AVAILABILITY = YES_AGGRESSIVE;
				CLANG_WARN_UNREACHABLE_CODE = YES;
				CLANG_WARN__DUPLICATE_METHOD_MATCH = YES;
				COPY_PHASE_STRIP = NO;
				DEBUG_INFORMATION_FORMAT = dwarf;
				ENABLE_STRICT_OBJC_MSGSEND = YES;
				ENABLE_TESTABILITY = YES;
				GCC_C_LANGUAGE_STANDARD = gnu11;
				GCC_DYNAMIC_NO_PIC = NO;
				GCC_NO_COMMON_BLOCKS = YES;
				GCC_OPTIMIZATION_LEVEL = 0;
				GCC_PREPROCESSOR_DEFINITIONS = (
					"DEBUG=1",
					"$(inherited)",
				);
				GCC_WARN_64_TO_32_BIT_CONVERSION = YES;
				GCC_WARN_ABOUT_RETURN_TYPE = YES_ERROR;
				GCC_WARN_UNDECLARED_SELECTOR = YES;
				GCC_WARN_UNINITIALIZED_AUTOS = YES_AGGRESSIVE;
				GCC_WARN_UNUSED_FUNCTION = YES;
				GCC_WARN_UNUSED_VARIABLE = YES;
				IPHONEOS_DEPLOYMENT_TARGET = 14.4;
				MTL_ENABLE_DEBUG_INFO = INCLUDE_SOURCE;
				MTL_FAST_MATH = YES;
				ONLY_ACTIVE_ARCH = YES;
				SDKROOT = iphoneos;
				SWIFT_ACTIVE_COMPILATION_CONDITIONS = DEBUG;
				SWIFT_OPTIMIZATION_LEVEL = "-Onone";
			};
			name = Debug;
		};
		DC873F1A27B9F8CF001AC305 /* Release */ = {
			isa = XCBuildConfiguration;
			buildSettings = {
				ALWAYS_SEARCH_USER_PATHS = NO;
				CLANG_ANALYZER_NONNULL = YES;
				CLANG_ANALYZER_NUMBER_OBJECT_CONVERSION = YES_AGGRESSIVE;
				CLANG_CXX_LANGUAGE_STANDARD = "gnu++14";
				CLANG_CXX_LIBRARY = "libc++";
				CLANG_ENABLE_MODULES = YES;
				CLANG_ENABLE_OBJC_ARC = YES;
				CLANG_ENABLE_OBJC_WEAK = YES;
				CLANG_WARN_BLOCK_CAPTURE_AUTORELEASING = YES;
				CLANG_WARN_BOOL_CONVERSION = YES;
				CLANG_WARN_COMMA = YES;
				CLANG_WARN_CONSTANT_CONVERSION = YES;
				CLANG_WARN_DEPRECATED_OBJC_IMPLEMENTATIONS = YES;
				CLANG_WARN_DIRECT_OBJC_ISA_USAGE = YES_ERROR;
				CLANG_WARN_DOCUMENTATION_COMMENTS = YES;
				CLANG_WARN_EMPTY_BODY = YES;
				CLANG_WARN_ENUM_CONVERSION = YES;
				CLANG_WARN_INFINITE_RECURSION = YES;
				CLANG_WARN_INT_CONVERSION = YES;
				CLANG_WARN_NON_LITERAL_NULL_CONVERSION = YES;
				CLANG_WARN_OBJC_IMPLICIT_RETAIN_SELF = YES;
				CLANG_WARN_OBJC_LITERAL_CONVERSION = YES;
				CLANG_WARN_OBJC_ROOT_CLASS = YES_ERROR;
				CLANG_WARN_QUOTED_INCLUDE_IN_FRAMEWORK_HEADER = YES;
				CLANG_WARN_RANGE_LOOP_ANALYSIS = YES;
				CLANG_WARN_STRICT_PROTOTYPES = YES;
				CLANG_WARN_SUSPICIOUS_MOVE = YES;
				CLANG_WARN_UNGUARDED_AVAILABILITY = YES_AGGRESSIVE;
				CLANG_WARN_UNREACHABLE_CODE = YES;
				CLANG_WARN__DUPLICATE_METHOD_MATCH = YES;
				COPY_PHASE_STRIP = NO;
				DEBUG_INFORMATION_FORMAT = "dwarf-with-dsym";
				ENABLE_NS_ASSERTIONS = NO;
				ENABLE_STRICT_OBJC_MSGSEND = YES;
				GCC_C_LANGUAGE_STANDARD = gnu11;
				GCC_NO_COMMON_BLOCKS = YES;
				GCC_WARN_64_TO_32_BIT_CONVERSION = YES;
				GCC_WARN_ABOUT_RETURN_TYPE = YES_ERROR;
				GCC_WARN_UNDECLARED_SELECTOR = YES;
				GCC_WARN_UNINITIALIZED_AUTOS = YES_AGGRESSIVE;
				GCC_WARN_UNUSED_FUNCTION = YES;
				GCC_WARN_UNUSED_VARIABLE = YES;
				IPHONEOS_DEPLOYMENT_TARGET = 14.4;
				MTL_ENABLE_DEBUG_INFO = NO;
				MTL_FAST_MATH = YES;
				SDKROOT = iphoneos;
				SWIFT_COMPILATION_MODE = wholemodule;
				SWIFT_OPTIMIZATION_LEVEL = "-O";
				VALIDATE_PRODUCT = YES;
			};
			name = Release;
		};
		DC873F1C27B9F8CF001AC305 /* Debug */ = {
			isa = XCBuildConfiguration;
			buildSettings = {
				ASSETCATALOG_COMPILER_APPICON_NAME = AppIcon;
				ASSETCATALOG_COMPILER_GLOBAL_ACCENT_COLOR_NAME = AccentColor;
				CODE_SIGN_STYLE = Automatic;
				DEVELOPMENT_TEAM = 63U9NC25XJ;
				INFOPLIST_FILE = Beginner/Info.plist;
				LD_RUNPATH_SEARCH_PATHS = (
					"$(inherited)",
					"@executable_path/Frameworks",
				);
				PRODUCT_BUNDLE_IDENTIFIER = Abdullah.Beginner;
				PRODUCT_NAME = "$(TARGET_NAME)";
				SWIFT_VERSION = 5.0;
				TARGETED_DEVICE_FAMILY = "1,2";
			};
			name = Debug;
		};
		DC873F1D27B9F8CF001AC305 /* Release */ = {
			isa = XCBuildConfiguration;
			buildSettings = {
				ASSETCATALOG_COMPILER_APPICON_NAME = AppIcon;
				ASSETCATALOG_COMPILER_GLOBAL_ACCENT_COLOR_NAME = AccentColor;
				CODE_SIGN_STYLE = Automatic;
				DEVELOPMENT_TEAM = 63U9NC25XJ;
				INFOPLIST_FILE = Beginner/Info.plist;
				LD_RUNPATH_SEARCH_PATHS = (
					"$(inherited)",
					"@executable_path/Frameworks",
				);
				PRODUCT_BUNDLE_IDENTIFIER = Abdullah.Beginner;
				PRODUCT_NAME = "$(TARGET_NAME)";
				SWIFT_VERSION = 5.0;
				TARGETED_DEVICE_FAMILY = "1,2";
			};
			name = Release;
		};
		DC873F1F27B9F8CF001AC305 /* Debug */ = {
			isa = XCBuildConfiguration;
			buildSettings = {
				ALWAYS_EMBED_SWIFT_STANDARD_LIBRARIES = YES;
				BUNDLE_LOADER = "$(TEST_HOST)";
				CODE_SIGN_STYLE = Automatic;
				DEVELOPMENT_TEAM = 63U9NC25XJ;
				INFOPLIST_FILE = BeginnerTests/Info.plist;
				IPHONEOS_DEPLOYMENT_TARGET = 14.4;
				LD_RUNPATH_SEARCH_PATHS = (
					"$(inherited)",
					"@executable_path/Frameworks",
					"@loader_path/Frameworks",
				);
				PRODUCT_BUNDLE_IDENTIFIER = Abdullah.BeginnerTests;
				PRODUCT_NAME = "$(TARGET_NAME)";
				SWIFT_VERSION = 5.0;
				TARGETED_DEVICE_FAMILY = "1,2";
				TEST_HOST = "$(BUILT_PRODUCTS_DIR)/Beginner.app/Beginner";
			};
			name = Debug;
		};
		DC873F2027B9F8CF001AC305 /* Release */ = {
			isa = XCBuildConfiguration;
			buildSettings = {
				ALWAYS_EMBED_SWIFT_STANDARD_LIBRARIES = YES;
				BUNDLE_LOADER = "$(TEST_HOST)";
				CODE_SIGN_STYLE = Automatic;
				DEVELOPMENT_TEAM = 63U9NC25XJ;
				INFOPLIST_FILE = BeginnerTests/Info.plist;
				IPHONEOS_DEPLOYMENT_TARGET = 14.4;
				LD_RUNPATH_SEARCH_PATHS = (
					"$(inherited)",
					"@executable_path/Frameworks",
					"@loader_path/Frameworks",
				);
				PRODUCT_BUNDLE_IDENTIFIER = Abdullah.BeginnerTests;
				PRODUCT_NAME = "$(TARGET_NAME)";
				SWIFT_VERSION = 5.0;
				TARGETED_DEVICE_FAMILY = "1,2";
				TEST_HOST = "$(BUILT_PRODUCTS_DIR)/Beginner.app/Beginner";
			};
			name = Release;
		};
		DC873F2227B9F8CF001AC305 /* Debug */ = {
			isa = XCBuildConfiguration;
			buildSettings = {
				ALWAYS_EMBED_SWIFT_STANDARD_LIBRARIES = YES;
				CODE_SIGN_STYLE = Automatic;
				DEVELOPMENT_TEAM = 63U9NC25XJ;
				INFOPLIST_FILE = BeginnerUITests/Info.plist;
				LD_RUNPATH_SEARCH_PATHS = (
					"$(inherited)",
					"@executable_path/Frameworks",
					"@loader_path/Frameworks",
				);
				PRODUCT_BUNDLE_IDENTIFIER = Abdullah.BeginnerUITests;
				PRODUCT_NAME = "$(TARGET_NAME)";
				SWIFT_VERSION = 5.0;
				TARGETED_DEVICE_FAMILY = "1,2";
				TEST_TARGET_NAME = Beginner;
			};
			name = Debug;
		};
		DC873F2327B9F8CF001AC305 /* Release */ = {
			isa = XCBuildConfiguration;
			buildSettings = {
				ALWAYS_EMBED_SWIFT_STANDARD_LIBRARIES = YES;
				CODE_SIGN_STYLE = Automatic;
				DEVELOPMENT_TEAM = 63U9NC25XJ;
				INFOPLIST_FILE = BeginnerUITests/Info.plist;
				LD_RUNPATH_SEARCH_PATHS = (
					"$(inherited)",
					"@executable_path/Frameworks",
					"@loader_path/Frameworks",
				);
				PRODUCT_BUNDLE_IDENTIFIER = Abdullah.BeginnerUITests;
				PRODUCT_NAME = "$(TARGET_NAME)";
				SWIFT_VERSION = 5.0;
				TARGETED_DEVICE_FAMILY = "1,2";
				TEST_TARGET_NAME = Beginner;
			};
			name = Release;
		};
/* End XCBuildConfiguration section */

/* Begin XCConfigurationList section */
		DC873EE927B9F8CA001AC305 /* Build configuration list for PBXProject "Beginner" */ = {
			isa = XCConfigurationList;
			buildConfigurations = (
				DC873F1927B9F8CF001AC305 /* Debug */,
				DC873F1A27B9F8CF001AC305 /* Release */,
			);
			defaultConfigurationIsVisible = 0;
			defaultConfigurationName = Release;
		};
		DC873F1B27B9F8CF001AC305 /* Build configuration list for PBXNativeTarget "Beginner" */ = {
			isa = XCConfigurationList;
			buildConfigurations = (
				DC873F1C27B9F8CF001AC305 /* Debug */,
				DC873F1D27B9F8CF001AC305 /* Release */,
			);
			defaultConfigurationIsVisible = 0;
			defaultConfigurationName = Release;
		};
		DC873F1E27B9F8CF001AC305 /* Build configuration list for PBXNativeTarget "BeginnerTests" */ = {
			isa = XCConfigurationList;
			buildConfigurations = (
				DC873F1F27B9F8CF001AC305 /* Debug */,
				DC873F2027B9F8CF001AC305 /* Release */,
			);
			defaultConfigurationIsVisible = 0;
			defaultConfigurationName = Release;
		};
		DC873F2127B9F8CF001AC305 /* Build configuration list for PBXNativeTarget "BeginnerUITests" */ = {
			isa = XCConfigurationList;
			buildConfigurations = (
				DC873F2227B9F8CF001AC305 /* Debug */,
				DC873F2327B9F8CF001AC305 /* Release */,
			);
			defaultConfigurationIsVisible = 0;
			defaultConfigurationName = Release;
		};
/* End XCConfigurationList section */

/* Begin XCVersionGroup section */
		DC873EFA27B9F8CA001AC305 /* Beginner.xcdatamodeld */ = {
			isa = XCVersionGroup;
			children = (
				DC873EFB27B9F8CA001AC305 /* Beginner.xcdatamodel */,
			);
			currentVersion = DC873EFB27B9F8CA001AC305 /* Beginner.xcdatamodel */;
			path = Beginner.xcdatamodeld;
			sourceTree = "<group>";
			versionGroupType = wrapper.xcdatamodel;
		};
/* End XCVersionGroup section */
	};
	rootObject = DC873EE627B9F8CA001AC305 /* Project object */;
}
